
Microsoft Visual Studio Solution File, Format Version 12.00
# Visual Studio Version 16
VisualStudioVersion = 16.0.29613.14
MinimumVisualStudioVersion = 10.0.40219.1
Project("{FAE04EC0-301F-11D3-BF4B-00C04F79EFBC}") = "referencia", "referencia\referencia.csproj", "{85901075-4333-4A0C-AD61-5A9042F8D3B0}"
EndProject
Global
	GlobalSection(SolutionConfigurationPlatforms) = preSolution
		Debug|Any CPU = Debug|Any CPU
		Release|Any CPU = Release|Any CPU
	EndGlobalSection
	GlobalSection(ProjectConfigurationPlatforms) = postSolution
		{85901075-4333-4A0C-AD61-5A9042F8D3B0}.Debug|Any CPU.ActiveCfg = Debug|Any CPU
		{85901075-4333-4A0C-AD61-5A9042F8D3B0}.Debug|Any CPU.Build.0 = Debug|Any CPU
		{85901075-4333-4A0C-AD61-5A9042F8D3B0}.Release|Any CPU.ActiveCfg = Release|Any CPU
		{85901075-4333-4A0C-AD61-5A9042F8D3B0}.Release|Any CPU.Build.0 = Release|Any CPU
	EndGlobalSection
	GlobalSection(SolutionProperties) = preSolution
		HideSolutionNode = FALSE
	EndGlobalSection
	GlobalSection(ExtensibilityGlobals) = postSolution
		SolutionGuid = {347A9F3D-78D6-4C9A-A28B-AC9E3D113414}
	EndGlobalSection
EndGlobal
